
Microsoft Visual Studio Solution File, Format Version 12.00
# Visual Studio Version 16
VisualStudioVersion = 16.0.29920.165
MinimumVisualStudioVersion = 10.0.40219.1
Project("{8BC9CEB8-8B4A-11D0-8D11-00A0C91BC942}") = "labaGauss", "labaGauss\labaGauss.vcxproj", "{ECD9FBA4-6F16-48E3-9004-BFA2EFDE07C0}"
EndProject
Global
	GlobalSection(SolutionConfigurationPlatforms) = preSolution
		Debug|x64 = Debug|x64
		Debug|x86 = Debug|x86
		Release|x64 = Release|x64
		Release|x86 = Release|x86
	EndGlobalSection
	GlobalSection(ProjectConfigurationPlatforms) = postSolution
		{ECD9FBA4-6F16-48E3-9004-BFA2EFDE07C0}.Debug|x64.ActiveCfg = Debug|x64
		{ECD9FBA4-6F16-48E3-9004-BFA2EFDE07C0}.Debug|x64.Build.0 = Debug|x64
		{ECD9FBA4-6F16-48E3-9004-BFA2EFDE07C0}.Debug|x86.ActiveCfg = Debug|Win32
		{ECD9FBA4-6F16-48E3-9004-BFA2EFDE07C0}.Debug|x86.Build.0 = Debug|Win32
		{ECD9FBA4-6F16-48E3-9004-BFA2EFDE07C0}.Release|x64.ActiveCfg = Release|x64
		{ECD9FBA4-6F16-48E3-9004-BFA2EFDE07C0}.Release|x64.Build.0 = Release|x64
		{ECD9FBA4-6F16-48E3-9004-BFA2EFDE07C0}.Release|x86.ActiveCfg = Release|Win32
		{ECD9FBA4-6F16-48E3-9004-BFA2EFDE07C0}.Release|x86.Build.0 = Release|Win32
	EndGlobalSection
	GlobalSection(SolutionProperties) = preSolution
		HideSolutionNode = FALSE
	EndGlobalSection
	GlobalSection(ExtensibilityGlobals) = postSolution
		SolutionGuid = {00F104A8-5542-4D3E-8ABC-65638427FA31}
	EndGlobalSection
EndGlobal
